
Microsoft Visual Studio Solution File, Format Version 12.00
# Visual Studio Version 17
VisualStudioVersion = 17.0.32014.148
MinimumVisualStudioVersion = 10.0.40219.1
Project("{FAE04EC0-301F-11D3-BF4B-00C04F79EFBC}") = "Gerador_de_Palavras", "Gerador_de_Palavras\Gerador_de_Palavras.csproj", "{FCC2AE52-BA89-4767-9859-260E35483E0D}"
EndProject
Project("{2150E333-8FDC-42A3-9474-1A3956D46DE8}") = "Solution Items", "Solution Items", "{C1D0FE30-3256-4A2F-BF5B-8BDC1AC3A4F8}"
	ProjectSection(SolutionItems) = preProject
		README.md = README.md
	EndProjectSection
EndProject
Global
	GlobalSection(SolutionConfigurationPlatforms) = preSolution
		Debug|Any CPU = Debug|Any CPU
		Debug|x64 = Debug|x64
		Debug|x86 = Debug|x86
		Release|Any CPU = Release|Any CPU
		Release|x64 = Release|x64
		Release|x86 = Release|x86
	EndGlobalSection
	GlobalSection(ProjectConfigurationPlatforms) = postSolution
		{FCC2AE52-BA89-4767-9859-260E35483E0D}.Debug|Any CPU.ActiveCfg = Debug|Any CPU
		{FCC2AE52-BA89-4767-9859-260E35483E0D}.Debug|Any CPU.Build.0 = Debug|Any CPU
		{FCC2AE52-BA89-4767-9859-260E35483E0D}.Debug|x64.ActiveCfg = Debug|Any CPU
		{FCC2AE52-BA89-4767-9859-260E35483E0D}.Debug|x64.Build.0 = Debug|Any CPU
		{FCC2AE52-BA89-4767-9859-260E35483E0D}.Debug|x86.ActiveCfg = Debug|Any CPU
		{FCC2AE52-BA89-4767-9859-260E35483E0D}.Debug|x86.Build.0 = Debug|Any CPU
		{FCC2AE52-BA89-4767-9859-260E35483E0D}.Release|Any CPU.ActiveCfg = Release|Any CPU
		{FCC2AE52-BA89-4767-9859-260E35483E0D}.Release|Any CPU.Build.0 = Release|Any CPU
		{FCC2AE52-BA89-4767-9859-260E35483E0D}.Release|x64.ActiveCfg = Release|Any CPU
		{FCC2AE52-BA89-4767-9859-260E35483E0D}.Release|x64.Build.0 = Release|Any CPU
		{FCC2AE52-BA89-4767-9859-260E35483E0D}.Release|x86.ActiveCfg = Release|Any CPU
		{FCC2AE52-BA89-4767-9859-260E35483E0D}.Release|x86.Build.0 = Release|Any CPU
	EndGlobalSection
	GlobalSection(SolutionProperties) = preSolution
		HideSolutionNode = FALSE
	EndGlobalSection
	GlobalSection(ExtensibilityGlobals) = postSolution
		SolutionGuid = {799FB716-37D1-485B-A918-CB78544DBF62}
	EndGlobalSection
EndGlobal
